<?xml version="1.0" encoding="utf-8"?>
<Project ToolsVersion="4.0" xmlns="http://schemas.microsoft.com/developer/msbuild/2003">
  <ItemGroup>
    <Filter Include="src">
      <UniqueIdentifier>{4FC737F1-C7A5-4376-A066-2A32D752A2FF}</UniqueIdentifier>
      <Extensions>cpp;c;cc;cxx;def;odl;idl;hpj;bat;asm;asmx</Extensions>
    </Filter>
    <Filter Include="src\id3tag">
      <UniqueIdentifier>{8f5cbcdc-e565-4a21-9902-6125e268d9ce}</UniqueIdentifier>
    </Filter>
  </ItemGroup>
  <ItemGroup>
    <ClCompile Include="..\frame.c">
      <Filter>src</Filter>
    </ClCompile>
    <ClCompile Include="..\huffman.c">
      <Filter>src</Filter>
    </ClCompile>
    <ClCompile Include="..\layer3.c">
      <Filter>src</Filter>
    </ClCompile>
    <ClCompile Include="..\layer12.c">
      <Filter>src</Filter>
    </ClCompile>
    <ClCompile Include="..\stream.c">
      <Filter>src</Filter>
    </ClCompile>
    <ClCompile Include="..\synth.c">
      <Filter>src</Filter>
    </ClCompile>
    <ClCompile Include="..\timer.c">
      <Filter>src</Filter>
    </ClCompile>
    <ClCompile Include="..\version.c">
      <Filter>src</Filter>
    </ClCompile>
    <ClCompile Include="..\bit.c">
      <Filter>src</Filter>
    </ClCompile>
    <ClCompile Include="..\decoder.c">
      <Filter>src</Filter>
    </ClCompile>
    <ClCompile Include="..\fixed.c">
      <Filter>src</Filter>
    </ClCompile>
    <ClCompile Include="..\id3tag\util.c">
      <Filter>src\id3tag</Filter>
    </ClCompile>
    <ClCompile Include="..\id3tag\utf16.c">
      <Filter>src\id3tag</Filter>
    </ClCompile>
    <ClCompile Include="..\id3tag\utf8.c">
      <Filter>src\id3tag</Filter>
    </ClCompile>
    <ClCompile Include="..\id3tag\ucs4.c">
      <Filter>src\id3tag</Filter>
    </ClCompile>
    <ClCompile Include="..\id3tag\tag.c">
      <Filter>src\id3tag</Filter>
    </ClCompile>
    <ClCompile Include="..\id3tag\render.c">
      <Filter>src\id3tag</Filter>
    </ClCompile>
    <ClCompile Include="..\id3tag\parse.c">
      <Filter>src\id3tag</Filter>
    </ClCompile>
    <ClCompile Include="..\id3tag\latin1.c">
      <Filter>src\id3tag</Filter>
    </ClCompile>
    <ClCompile Include="..\id3tag\id3_version.c">
      <Filter>src\id3tag</Filter>
    </ClCompile>
    <ClCompile Include="..\id3tag\id3_frame.c">
      <Filter>src\id3tag</Filter>
    </ClCompile>
    <ClCompile Include="..\id3tag\genre.c">
      <Filter>src\id3tag</Filter>
    </ClCompile>
    <ClCompile Include="..\id3tag\frametype.c">
      <Filter>src\id3tag</Filter>
    </ClCompile>
    <ClCompile Include="..\id3tag\file.c">
      <Filter>src\id3tag</Filter>
    </ClCompile>
    <ClCompile Include="..\id3tag\field.c">
      <Filter>src\id3tag</Filter>
    </ClCompile>
    <ClCompile Include="..\id3tag\crc.c">
      <Filter>src\id3tag</Filter>
    </ClCompile>
    <ClCompile Include="..\id3tag\compat.c">
      <Filter>src\id3tag</Filter>
    </ClCompile>
  </ItemGroup>
</Project>