<?xml version="1.0" encoding="utf-8"?>
<Project ToolsVersion="4.0" xmlns="http://schemas.microsoft.com/developer/msbuild/2003">
  <ItemGroup>
    <Filter Include="源文件">
      <UniqueIdentifier>{4FC737F1-C7A5-4376-A066-2A32D752A2FF}</UniqueIdentifier>
      <Extensions>cpp;c;cc;cxx;def;odl;idl;hpj;bat;asm;asmx</Extensions>
    </Filter>
  </ItemGroup>
  <ItemGroup>
    <ClCompile Include="..\src\g3dgame.cpp">
      <Filter>源文件</Filter>
    </ClCompile>
    <ClCompile Include="..\src\Launcher.cpp">
      <Filter>源文件</Filter>
    </ClCompile>
    <ClCompile Include="..\src\LauncherDemoUI.cpp">
      <Filter>源文件</Filter>
    </ClCompile>
    <ClCompile Include="..\src\LauncherDemoTerrain.cpp">
      <Filter>源文件</Filter>
    </ClCompile>
    <ClCompile Include="..\src\LauncherDemoTemple.cpp">
      <Filter>源文件</Filter>
    </ClCompile>
    <ClCompile Include="..\src\LauncherDemoDeferredShading.cpp">
      <Filter>源文件</Filter>
    </ClCompile>
    <ClCompile Include="..\src\LauncherDemoRPG.cpp">
      <Filter>源文件</Filter>
    </ClCompile>
    <ClCompile Include="..\src\LauncherDemoDef.cpp">
      <Filter>源文件</Filter>
    </ClCompile>
    <ClCompile Include="..\src\WinGraphicSettings.cpp">
      <Filter>源文件</Filter>
    </ClCompile>
  </ItemGroup>
  <ItemGroup>
    <ClInclude Include="..\src\Launcher.h">
      <Filter>源文件</Filter>
    </ClInclude>
    <ClInclude Include="..\src\LauncherDemoUI.h">
      <Filter>源文件</Filter>
    </ClInclude>
    <ClInclude Include="..\src\LauncherDemoTerrain.h">
      <Filter>源文件</Filter>
    </ClInclude>
    <ClInclude Include="..\src\LauncherDemoTemple.h">
      <Filter>源文件</Filter>
    </ClInclude>
    <ClInclude Include="..\src\LauncherDemoDeferredShading.h">
      <Filter>源文件</Filter>
    </ClInclude>
    <ClInclude Include="..\src\LauncherDemoRPG.h">
      <Filter>源文件</Filter>
    </ClInclude>
    <ClInclude Include="..\src\LauncherDemoDef.h">
      <Filter>源文件</Filter>
    </ClInclude>
    <ClInclude Include="..\src\WinGraphicSettings.h">
      <Filter>源文件</Filter>
    </ClInclude>
  </ItemGroup>
</Project>