
Microsoft Visual Studio Solution File, Format Version 12.00
# Visual Studio 2013
VisualStudioVersion = 12.0.31101.0
MinimumVisualStudioVersion = 10.0.40219.1
Project("{8BC9CEB8-8B4A-11D0-8D11-00A0C91BC942}") = "galaxy3d", "..\..\lib\project_winpc\galaxy3d.vcxproj", "{AC93FC0A-71EC-44F8-AD28-5861E03FCA3B}"
EndProject
Project("{8BC9CEB8-8B4A-11D0-8D11-00A0C91BC942}") = "g3dgame", "g3dgame.vcxproj", "{0FFFED23-DA22-4449-A481-99280F706F16}"
	ProjectSection(ProjectDependencies) = postProject
		{AC93FC0A-71EC-44F8-AD28-5861E03FCA3B} = {AC93FC0A-71EC-44F8-AD28-5861E03FCA3B}
		{7ECEBE1D-02D7-42B7-952D-28D609653EF6} = {7ECEBE1D-02D7-42B7-952D-28D609653EF6}
		{78779D5D-F28A-4521-A74D-6A5E4AB5334E} = {78779D5D-F28A-4521-A74D-6A5E4AB5334E}
		{8551ABA5-7D5B-4283-AF7D-1418521ECED9} = {8551ABA5-7D5B-4283-AF7D-1418521ECED9}
		{939830D9-F22D-47C3-9513-8CB60F28F8D1} = {939830D9-F22D-47C3-9513-8CB60F28F8D1}
	EndProjectSection
EndProject
Project("{8BC9CEB8-8B4A-11D0-8D11-00A0C91BC942}") = "jpeg", "..\..\lib\depend\jpeg-8d\project_winpc\jpeg.vcxproj", "{939830D9-F22D-47C3-9513-8CB60F28F8D1}"
EndProject
Project("{8BC9CEB8-8B4A-11D0-8D11-00A0C91BC942}") = "png", "..\..\lib\depend\lpng1512\project_winpc\png.vcxproj", "{7ECEBE1D-02D7-42B7-952D-28D609653EF6}"
EndProject
Project("{8BC9CEB8-8B4A-11D0-8D11-00A0C91BC942}") = "freetype", "..\..\lib\depend\freetype-2.6\project_winpc\freetype.vcxproj", "{78779D5D-F28A-4521-A74D-6A5E4AB5334E}"
EndProject
Project("{8BC9CEB8-8B4A-11D0-8D11-00A0C91BC942}") = "zlib", "..\..\lib\depend\zlib-1.2.8\project_winpc\zlib.vcxproj", "{8551ABA5-7D5B-4283-AF7D-1418521ECED9}"
EndProject
Global
	GlobalSection(SolutionConfigurationPlatforms) = preSolution
		Debug|Win32 = Debug|Win32
		Release|Win32 = Release|Win32
	EndGlobalSection
	GlobalSection(ProjectConfigurationPlatforms) = postSolution
		{AC93FC0A-71EC-44F8-AD28-5861E03FCA3B}.Debug|Win32.ActiveCfg = Debug|Win32
		{AC93FC0A-71EC-44F8-AD28-5861E03FCA3B}.Debug|Win32.Build.0 = Debug|Win32
		{AC93FC0A-71EC-44F8-AD28-5861E03FCA3B}.Release|Win32.ActiveCfg = Release|Win32
		{AC93FC0A-71EC-44F8-AD28-5861E03FCA3B}.Release|Win32.Build.0 = Release|Win32
		{0FFFED23-DA22-4449-A481-99280F706F16}.Debug|Win32.ActiveCfg = Debug|Win32
		{0FFFED23-DA22-4449-A481-99280F706F16}.Debug|Win32.Build.0 = Debug|Win32
		{0FFFED23-DA22-4449-A481-99280F706F16}.Release|Win32.ActiveCfg = Release|Win32
		{0FFFED23-DA22-4449-A481-99280F706F16}.Release|Win32.Build.0 = Release|Win32
		{939830D9-F22D-47C3-9513-8CB60F28F8D1}.Debug|Win32.ActiveCfg = Debug|Win32
		{939830D9-F22D-47C3-9513-8CB60F28F8D1}.Debug|Win32.Build.0 = Debug|Win32
		{939830D9-F22D-47C3-9513-8CB60F28F8D1}.Release|Win32.ActiveCfg = Release|Win32
		{939830D9-F22D-47C3-9513-8CB60F28F8D1}.Release|Win32.Build.0 = Release|Win32
		{7ECEBE1D-02D7-42B7-952D-28D609653EF6}.Debug|Win32.ActiveCfg = Debug|Win32
		{7ECEBE1D-02D7-42B7-952D-28D609653EF6}.Debug|Win32.Build.0 = Debug|Win32
		{7ECEBE1D-02D7-42B7-952D-28D609653EF6}.Release|Win32.ActiveCfg = Release|Win32
		{7ECEBE1D-02D7-42B7-952D-28D609653EF6}.Release|Win32.Build.0 = Release|Win32
		{78779D5D-F28A-4521-A74D-6A5E4AB5334E}.Debug|Win32.ActiveCfg = Debug|Win32
		{78779D5D-F28A-4521-A74D-6A5E4AB5334E}.Debug|Win32.Build.0 = Debug|Win32
		{78779D5D-F28A-4521-A74D-6A5E4AB5334E}.Release|Win32.ActiveCfg = Release|Win32
		{78779D5D-F28A-4521-A74D-6A5E4AB5334E}.Release|Win32.Build.0 = Release|Win32
		{8551ABA5-7D5B-4283-AF7D-1418521ECED9}.Debug|Win32.ActiveCfg = Debug|Win32
		{8551ABA5-7D5B-4283-AF7D-1418521ECED9}.Debug|Win32.Build.0 = Debug|Win32
		{8551ABA5-7D5B-4283-AF7D-1418521ECED9}.Release|Win32.ActiveCfg = Release|Win32
		{8551ABA5-7D5B-4283-AF7D-1418521ECED9}.Release|Win32.Build.0 = Release|Win32
	EndGlobalSection
	GlobalSection(SolutionProperties) = preSolution
		HideSolutionNode = FALSE
	EndGlobalSection
EndGlobal
