
Microsoft Visual Studio Solution File, Format Version 12.00
# Visual Studio 14
VisualStudioVersion = 14.0.24720.0
MinimumVisualStudioVersion = 10.0.40219.1
Project("{8BC9CEB8-8B4A-11D0-8D11-00A0C91BC942}") = "galaxy3d", "..\..\lib\project_winpc\galaxy3d.vcxproj", "{AC93FC0A-71EC-44F8-AD28-5861E03FCA3B}"
EndProject
Project("{8BC9CEB8-8B4A-11D0-8D11-00A0C91BC942}") = "g3dgame", "g3dgame.vcxproj", "{0FFFED23-DA22-4449-A481-99280F706F16}"
	ProjectSection(ProjectDependencies) = postProject
		{AC93FC0A-71EC-44F8-AD28-5861E03FCA3B} = {AC93FC0A-71EC-44F8-AD28-5861E03FCA3B}
	EndProjectSection
EndProject
Project("{8BC9CEB8-8B4A-11D0-8D11-00A0C91BC942}") = "jpeg", "..\..\lib\depend\jpeg-8d\project_winpc\jpeg.vcxproj", "{939830D9-F22D-47C3-9513-8CB60F28F8D1}"
EndProject
Project("{8BC9CEB8-8B4A-11D0-8D11-00A0C91BC942}") = "png", "..\..\lib\depend\lpng1512\project_winpc\png.vcxproj", "{7ECEBE1D-02D7-42B7-952D-28D609653EF6}"
EndProject
Project("{8BC9CEB8-8B4A-11D0-8D11-00A0C91BC942}") = "freetype", "..\..\lib\depend\freetype-2.6\project_winpc\freetype.vcxproj", "{78779D5D-F28A-4521-A74D-6A5E4AB5334E}"
EndProject
Project("{8BC9CEB8-8B4A-11D0-8D11-00A0C91BC942}") = "zlib", "..\..\lib\depend\zlib-1.2.8\project_winpc\zlib.vcxproj", "{8551ABA5-7D5B-4283-AF7D-1418521ECED9}"
EndProject
Project("{8BC9CEB8-8B4A-11D0-8D11-00A0C91BC942}") = "bullet", "..\..\lib\depend\bullet3-2.83.6\project_winpc\bullet.vcxproj", "{489B358F-DDB9-4B16-8CCF-7D8848A8B9B4}"
EndProject
Project("{8BC9CEB8-8B4A-11D0-8D11-00A0C91BC942}") = "json", "..\..\lib\depend\json\project_winpc\json.vcxproj", "{FB24B87F-4421-44C8-ABC4-F6EB13A1B445}"
EndProject
Project("{8BC9CEB8-8B4A-11D0-8D11-00A0C91BC942}") = "mad", "..\..\lib\depend\mad\project_winpc\mad.vcxproj", "{C40601F8-47FB-47AE-9809-53C547C6219F}"
EndProject
Project("{8BC9CEB8-8B4A-11D0-8D11-00A0C91BC942}") = "sqlite3", "..\..\lib\depend\sqlite3\project_winpc\sqlite3.vcxproj", "{220E2815-E850-4DC8-82BC-A9F7A01AE766}"
EndProject
Global
	GlobalSection(SolutionConfigurationPlatforms) = preSolution
		Debug|ARM = Debug|ARM
		Debug|Win32 = Debug|Win32
		Debug|x64 = Debug|x64
		Release|ARM = Release|ARM
		Release|Win32 = Release|Win32
		Release|x64 = Release|x64
	EndGlobalSection
	GlobalSection(ProjectConfigurationPlatforms) = postSolution
		{AC93FC0A-71EC-44F8-AD28-5861E03FCA3B}.Debug|ARM.ActiveCfg = Debug|Win32
		{AC93FC0A-71EC-44F8-AD28-5861E03FCA3B}.Debug|Win32.ActiveCfg = Debug|Win32
		{AC93FC0A-71EC-44F8-AD28-5861E03FCA3B}.Debug|Win32.Build.0 = Debug|Win32
		{AC93FC0A-71EC-44F8-AD28-5861E03FCA3B}.Debug|x64.ActiveCfg = Debug|Win32
		{AC93FC0A-71EC-44F8-AD28-5861E03FCA3B}.Release|ARM.ActiveCfg = Release|Win32
		{AC93FC0A-71EC-44F8-AD28-5861E03FCA3B}.Release|Win32.ActiveCfg = Release|Win32
		{AC93FC0A-71EC-44F8-AD28-5861E03FCA3B}.Release|Win32.Build.0 = Release|Win32
		{AC93FC0A-71EC-44F8-AD28-5861E03FCA3B}.Release|x64.ActiveCfg = Release|Win32
		{0FFFED23-DA22-4449-A481-99280F706F16}.Debug|ARM.ActiveCfg = Debug|Win32
		{0FFFED23-DA22-4449-A481-99280F706F16}.Debug|Win32.ActiveCfg = Debug|Win32
		{0FFFED23-DA22-4449-A481-99280F706F16}.Debug|Win32.Build.0 = Debug|Win32
		{0FFFED23-DA22-4449-A481-99280F706F16}.Debug|x64.ActiveCfg = Debug|Win32
		{0FFFED23-DA22-4449-A481-99280F706F16}.Release|ARM.ActiveCfg = Release|Win32
		{0FFFED23-DA22-4449-A481-99280F706F16}.Release|Win32.ActiveCfg = Release|Win32
		{0FFFED23-DA22-4449-A481-99280F706F16}.Release|Win32.Build.0 = Release|Win32
		{0FFFED23-DA22-4449-A481-99280F706F16}.Release|x64.ActiveCfg = Release|Win32
		{939830D9-F22D-47C3-9513-8CB60F28F8D1}.Debug|ARM.ActiveCfg = Debug|Win32
		{939830D9-F22D-47C3-9513-8CB60F28F8D1}.Debug|Win32.ActiveCfg = Debug|Win32
		{939830D9-F22D-47C3-9513-8CB60F28F8D1}.Debug|Win32.Build.0 = Debug|Win32
		{939830D9-F22D-47C3-9513-8CB60F28F8D1}.Debug|x64.ActiveCfg = Debug|Win32
		{939830D9-F22D-47C3-9513-8CB60F28F8D1}.Release|ARM.ActiveCfg = Release|Win32
		{939830D9-F22D-47C3-9513-8CB60F28F8D1}.Release|Win32.ActiveCfg = Release|Win32
		{939830D9-F22D-47C3-9513-8CB60F28F8D1}.Release|Win32.Build.0 = Release|Win32
		{939830D9-F22D-47C3-9513-8CB60F28F8D1}.Release|x64.ActiveCfg = Release|Win32
		{7ECEBE1D-02D7-42B7-952D-28D609653EF6}.Debug|ARM.ActiveCfg = Debug|Win32
		{7ECEBE1D-02D7-42B7-952D-28D609653EF6}.Debug|Win32.ActiveCfg = Debug|Win32
		{7ECEBE1D-02D7-42B7-952D-28D609653EF6}.Debug|Win32.Build.0 = Debug|Win32
		{7ECEBE1D-02D7-42B7-952D-28D609653EF6}.Debug|x64.ActiveCfg = Debug|Win32
		{7ECEBE1D-02D7-42B7-952D-28D609653EF6}.Release|ARM.ActiveCfg = Release|Win32
		{7ECEBE1D-02D7-42B7-952D-28D609653EF6}.Release|Win32.ActiveCfg = Release|Win32
		{7ECEBE1D-02D7-42B7-952D-28D609653EF6}.Release|Win32.Build.0 = Release|Win32
		{7ECEBE1D-02D7-42B7-952D-28D609653EF6}.Release|x64.ActiveCfg = Release|Win32
		{78779D5D-F28A-4521-A74D-6A5E4AB5334E}.Debug|ARM.ActiveCfg = Debug|Win32
		{78779D5D-F28A-4521-A74D-6A5E4AB5334E}.Debug|Win32.ActiveCfg = Debug|Win32
		{78779D5D-F28A-4521-A74D-6A5E4AB5334E}.Debug|Win32.Build.0 = Debug|Win32
		{78779D5D-F28A-4521-A74D-6A5E4AB5334E}.Debug|x64.ActiveCfg = Debug|Win32
		{78779D5D-F28A-4521-A74D-6A5E4AB5334E}.Release|ARM.ActiveCfg = Release|Win32
		{78779D5D-F28A-4521-A74D-6A5E4AB5334E}.Release|Win32.ActiveCfg = Release|Win32
		{78779D5D-F28A-4521-A74D-6A5E4AB5334E}.Release|Win32.Build.0 = Release|Win32
		{78779D5D-F28A-4521-A74D-6A5E4AB5334E}.Release|x64.ActiveCfg = Release|Win32
		{8551ABA5-7D5B-4283-AF7D-1418521ECED9}.Debug|ARM.ActiveCfg = Debug|Win32
		{8551ABA5-7D5B-4283-AF7D-1418521ECED9}.Debug|Win32.ActiveCfg = Debug|Win32
		{8551ABA5-7D5B-4283-AF7D-1418521ECED9}.Debug|Win32.Build.0 = Debug|Win32
		{8551ABA5-7D5B-4283-AF7D-1418521ECED9}.Debug|x64.ActiveCfg = Debug|Win32
		{8551ABA5-7D5B-4283-AF7D-1418521ECED9}.Release|ARM.ActiveCfg = Release|Win32
		{8551ABA5-7D5B-4283-AF7D-1418521ECED9}.Release|Win32.ActiveCfg = Release|Win32
		{8551ABA5-7D5B-4283-AF7D-1418521ECED9}.Release|Win32.Build.0 = Release|Win32
		{8551ABA5-7D5B-4283-AF7D-1418521ECED9}.Release|x64.ActiveCfg = Release|Win32
		{489B358F-DDB9-4B16-8CCF-7D8848A8B9B4}.Debug|ARM.ActiveCfg = Debug|Win32
		{489B358F-DDB9-4B16-8CCF-7D8848A8B9B4}.Debug|Win32.ActiveCfg = Debug|Win32
		{489B358F-DDB9-4B16-8CCF-7D8848A8B9B4}.Debug|Win32.Build.0 = Debug|Win32
		{489B358F-DDB9-4B16-8CCF-7D8848A8B9B4}.Debug|x64.ActiveCfg = Debug|x64
		{489B358F-DDB9-4B16-8CCF-7D8848A8B9B4}.Debug|x64.Build.0 = Debug|x64
		{489B358F-DDB9-4B16-8CCF-7D8848A8B9B4}.Release|ARM.ActiveCfg = Release|Win32
		{489B358F-DDB9-4B16-8CCF-7D8848A8B9B4}.Release|Win32.ActiveCfg = Release|Win32
		{489B358F-DDB9-4B16-8CCF-7D8848A8B9B4}.Release|Win32.Build.0 = Release|Win32
		{489B358F-DDB9-4B16-8CCF-7D8848A8B9B4}.Release|x64.ActiveCfg = Release|x64
		{489B358F-DDB9-4B16-8CCF-7D8848A8B9B4}.Release|x64.Build.0 = Release|x64
		{FB24B87F-4421-44C8-ABC4-F6EB13A1B445}.Debug|ARM.ActiveCfg = Debug|Win32
		{FB24B87F-4421-44C8-ABC4-F6EB13A1B445}.Debug|Win32.ActiveCfg = Debug|Win32
		{FB24B87F-4421-44C8-ABC4-F6EB13A1B445}.Debug|Win32.Build.0 = Debug|Win32
		{FB24B87F-4421-44C8-ABC4-F6EB13A1B445}.Debug|x64.ActiveCfg = Debug|x64
		{FB24B87F-4421-44C8-ABC4-F6EB13A1B445}.Debug|x64.Build.0 = Debug|x64
		{FB24B87F-4421-44C8-ABC4-F6EB13A1B445}.Release|ARM.ActiveCfg = Release|Win32
		{FB24B87F-4421-44C8-ABC4-F6EB13A1B445}.Release|Win32.ActiveCfg = Release|Win32
		{FB24B87F-4421-44C8-ABC4-F6EB13A1B445}.Release|Win32.Build.0 = Release|Win32
		{FB24B87F-4421-44C8-ABC4-F6EB13A1B445}.Release|x64.ActiveCfg = Release|x64
		{FB24B87F-4421-44C8-ABC4-F6EB13A1B445}.Release|x64.Build.0 = Release|x64
		{C40601F8-47FB-47AE-9809-53C547C6219F}.Debug|ARM.ActiveCfg = Debug|Win32
		{C40601F8-47FB-47AE-9809-53C547C6219F}.Debug|Win32.ActiveCfg = Debug|Win32
		{C40601F8-47FB-47AE-9809-53C547C6219F}.Debug|Win32.Build.0 = Debug|Win32
		{C40601F8-47FB-47AE-9809-53C547C6219F}.Debug|x64.ActiveCfg = Debug|x64
		{C40601F8-47FB-47AE-9809-53C547C6219F}.Debug|x64.Build.0 = Debug|x64
		{C40601F8-47FB-47AE-9809-53C547C6219F}.Release|ARM.ActiveCfg = Release|Win32
		{C40601F8-47FB-47AE-9809-53C547C6219F}.Release|Win32.ActiveCfg = Release|Win32
		{C40601F8-47FB-47AE-9809-53C547C6219F}.Release|Win32.Build.0 = Release|Win32
		{C40601F8-47FB-47AE-9809-53C547C6219F}.Release|x64.ActiveCfg = Release|x64
		{C40601F8-47FB-47AE-9809-53C547C6219F}.Release|x64.Build.0 = Release|x64
		{220E2815-E850-4DC8-82BC-A9F7A01AE766}.Debug|ARM.ActiveCfg = Debug|Win32
		{220E2815-E850-4DC8-82BC-A9F7A01AE766}.Debug|Win32.ActiveCfg = Debug|Win32
		{220E2815-E850-4DC8-82BC-A9F7A01AE766}.Debug|Win32.Build.0 = Debug|Win32
		{220E2815-E850-4DC8-82BC-A9F7A01AE766}.Debug|x64.ActiveCfg = Debug|x64
		{220E2815-E850-4DC8-82BC-A9F7A01AE766}.Debug|x64.Build.0 = Debug|x64
		{220E2815-E850-4DC8-82BC-A9F7A01AE766}.Release|ARM.ActiveCfg = Release|Win32
		{220E2815-E850-4DC8-82BC-A9F7A01AE766}.Release|Win32.ActiveCfg = Release|Win32
		{220E2815-E850-4DC8-82BC-A9F7A01AE766}.Release|Win32.Build.0 = Release|Win32
		{220E2815-E850-4DC8-82BC-A9F7A01AE766}.Release|x64.ActiveCfg = Release|x64
		{220E2815-E850-4DC8-82BC-A9F7A01AE766}.Release|x64.Build.0 = Release|x64
	EndGlobalSection
	GlobalSection(SolutionProperties) = preSolution
		HideSolutionNode = FALSE
	EndGlobalSection
EndGlobal
