
Microsoft Visual Studio Solution File, Format Version 12.00
# Visual Studio 14
VisualStudioVersion = 14.0.24720.0
MinimumVisualStudioVersion = 10.0.40219.1
Project("{8BC9CEB8-8B4A-11D0-8D11-00A0C91BC942}") = "bullet", "..\..\lib\depend\bullet3-2.83.6\project_uwp\bullet.vcxproj", "{8EDCB7A4-118C-4880-A4B9-B31EB22FEC0D}"
EndProject
Project("{8BC9CEB8-8B4A-11D0-8D11-00A0C91BC942}") = "freetype", "..\..\lib\depend\freetype-2.6\project_uwp\freetype.vcxproj", "{3D5BFB5D-51F3-4FF8-B21C-7D1E85E42BAE}"
EndProject
Project("{8BC9CEB8-8B4A-11D0-8D11-00A0C91BC942}") = "jpeg", "..\..\lib\depend\jpeg-8d\project_uwp\jpeg.vcxproj", "{08A31F38-F17A-4247-8E84-2AB4C8A7F863}"
EndProject
Project("{8BC9CEB8-8B4A-11D0-8D11-00A0C91BC942}") = "json", "..\..\lib\depend\json\project_uwp\json.vcxproj", "{592A6526-5F01-482C-99B3-B91EB3B93DF9}"
EndProject
Project("{8BC9CEB8-8B4A-11D0-8D11-00A0C91BC942}") = "png", "..\..\lib\depend\lpng1512\project_uwp\png.vcxproj", "{BC776C8E-9EFA-4670-BD3A-958245A848DE}"
EndProject
Project("{8BC9CEB8-8B4A-11D0-8D11-00A0C91BC942}") = "zlib", "..\..\lib\depend\zlib-1.2.8\project_uwp\zlib.vcxproj", "{6F18F37F-9918-4C92-BF02-2223DE5263B5}"
EndProject
Project("{8BC9CEB8-8B4A-11D0-8D11-00A0C91BC942}") = "viry3d", "..\..\lib\project_uwp\viry3d.vcxproj", "{DC01E365-2866-42FA-B3EF-6840F8879D91}"
EndProject
Project("{8BC9CEB8-8B4A-11D0-8D11-00A0C91BC942}") = "openal", "..\..\lib\depend\openal-soft-winphone-master\project_uwp\openal.vcxproj", "{2426FA60-4366-4A81-8FFD-4329FCDAA166}"
EndProject
Project("{8BC9CEB8-8B4A-11D0-8D11-00A0C91BC942}") = "mad", "..\..\lib\depend\mad\project_uwp\mad.vcxproj", "{95FB4DAB-E4D4-49B5-AEB2-E7F1F84BFF76}"
EndProject
Project("{8BC9CEB8-8B4A-11D0-8D11-00A0C91BC942}") = "game", "game_demo\game.vcxproj", "{F5EE6CCE-EE56-46B7-BBC4-46DFFA526ED3}"
EndProject
Global
	GlobalSection(SolutionConfigurationPlatforms) = preSolution
		Debug|ARM = Debug|ARM
		Debug|x64 = Debug|x64
		Debug|x86 = Debug|x86
		Release|ARM = Release|ARM
		Release|x64 = Release|x64
		Release|x86 = Release|x86
	EndGlobalSection
	GlobalSection(ProjectConfigurationPlatforms) = postSolution
		{8EDCB7A4-118C-4880-A4B9-B31EB22FEC0D}.Debug|ARM.ActiveCfg = Debug|ARM
		{8EDCB7A4-118C-4880-A4B9-B31EB22FEC0D}.Debug|ARM.Build.0 = Debug|ARM
		{8EDCB7A4-118C-4880-A4B9-B31EB22FEC0D}.Debug|x64.ActiveCfg = Debug|x64
		{8EDCB7A4-118C-4880-A4B9-B31EB22FEC0D}.Debug|x64.Build.0 = Debug|x64
		{8EDCB7A4-118C-4880-A4B9-B31EB22FEC0D}.Debug|x86.ActiveCfg = Debug|Win32
		{8EDCB7A4-118C-4880-A4B9-B31EB22FEC0D}.Debug|x86.Build.0 = Debug|Win32
		{8EDCB7A4-118C-4880-A4B9-B31EB22FEC0D}.Release|ARM.ActiveCfg = Release|ARM
		{8EDCB7A4-118C-4880-A4B9-B31EB22FEC0D}.Release|ARM.Build.0 = Release|ARM
		{8EDCB7A4-118C-4880-A4B9-B31EB22FEC0D}.Release|x64.ActiveCfg = Release|x64
		{8EDCB7A4-118C-4880-A4B9-B31EB22FEC0D}.Release|x64.Build.0 = Release|x64
		{8EDCB7A4-118C-4880-A4B9-B31EB22FEC0D}.Release|x86.ActiveCfg = Release|Win32
		{8EDCB7A4-118C-4880-A4B9-B31EB22FEC0D}.Release|x86.Build.0 = Release|Win32
		{3D5BFB5D-51F3-4FF8-B21C-7D1E85E42BAE}.Debug|ARM.ActiveCfg = Debug|ARM
		{3D5BFB5D-51F3-4FF8-B21C-7D1E85E42BAE}.Debug|ARM.Build.0 = Debug|ARM
		{3D5BFB5D-51F3-4FF8-B21C-7D1E85E42BAE}.Debug|x64.ActiveCfg = Debug|x64
		{3D5BFB5D-51F3-4FF8-B21C-7D1E85E42BAE}.Debug|x64.Build.0 = Debug|x64
		{3D5BFB5D-51F3-4FF8-B21C-7D1E85E42BAE}.Debug|x86.ActiveCfg = Debug|Win32
		{3D5BFB5D-51F3-4FF8-B21C-7D1E85E42BAE}.Debug|x86.Build.0 = Debug|Win32
		{3D5BFB5D-51F3-4FF8-B21C-7D1E85E42BAE}.Release|ARM.ActiveCfg = Release|ARM
		{3D5BFB5D-51F3-4FF8-B21C-7D1E85E42BAE}.Release|ARM.Build.0 = Release|ARM
		{3D5BFB5D-51F3-4FF8-B21C-7D1E85E42BAE}.Release|x64.ActiveCfg = Release|x64
		{3D5BFB5D-51F3-4FF8-B21C-7D1E85E42BAE}.Release|x64.Build.0 = Release|x64
		{3D5BFB5D-51F3-4FF8-B21C-7D1E85E42BAE}.Release|x86.ActiveCfg = Release|Win32
		{3D5BFB5D-51F3-4FF8-B21C-7D1E85E42BAE}.Release|x86.Build.0 = Release|Win32
		{08A31F38-F17A-4247-8E84-2AB4C8A7F863}.Debug|ARM.ActiveCfg = Debug|ARM
		{08A31F38-F17A-4247-8E84-2AB4C8A7F863}.Debug|ARM.Build.0 = Debug|ARM
		{08A31F38-F17A-4247-8E84-2AB4C8A7F863}.Debug|x64.ActiveCfg = Debug|x64
		{08A31F38-F17A-4247-8E84-2AB4C8A7F863}.Debug|x64.Build.0 = Debug|x64
		{08A31F38-F17A-4247-8E84-2AB4C8A7F863}.Debug|x86.ActiveCfg = Debug|Win32
		{08A31F38-F17A-4247-8E84-2AB4C8A7F863}.Debug|x86.Build.0 = Debug|Win32
		{08A31F38-F17A-4247-8E84-2AB4C8A7F863}.Release|ARM.ActiveCfg = Release|ARM
		{08A31F38-F17A-4247-8E84-2AB4C8A7F863}.Release|ARM.Build.0 = Release|ARM
		{08A31F38-F17A-4247-8E84-2AB4C8A7F863}.Release|x64.ActiveCfg = Release|x64
		{08A31F38-F17A-4247-8E84-2AB4C8A7F863}.Release|x64.Build.0 = Release|x64
		{08A31F38-F17A-4247-8E84-2AB4C8A7F863}.Release|x86.ActiveCfg = Release|Win32
		{08A31F38-F17A-4247-8E84-2AB4C8A7F863}.Release|x86.Build.0 = Release|Win32
		{592A6526-5F01-482C-99B3-B91EB3B93DF9}.Debug|ARM.ActiveCfg = Debug|ARM
		{592A6526-5F01-482C-99B3-B91EB3B93DF9}.Debug|ARM.Build.0 = Debug|ARM
		{592A6526-5F01-482C-99B3-B91EB3B93DF9}.Debug|x64.ActiveCfg = Debug|x64
		{592A6526-5F01-482C-99B3-B91EB3B93DF9}.Debug|x64.Build.0 = Debug|x64
		{592A6526-5F01-482C-99B3-B91EB3B93DF9}.Debug|x86.ActiveCfg = Debug|Win32
		{592A6526-5F01-482C-99B3-B91EB3B93DF9}.Debug|x86.Build.0 = Debug|Win32
		{592A6526-5F01-482C-99B3-B91EB3B93DF9}.Release|ARM.ActiveCfg = Release|ARM
		{592A6526-5F01-482C-99B3-B91EB3B93DF9}.Release|ARM.Build.0 = Release|ARM
		{592A6526-5F01-482C-99B3-B91EB3B93DF9}.Release|x64.ActiveCfg = Release|x64
		{592A6526-5F01-482C-99B3-B91EB3B93DF9}.Release|x64.Build.0 = Release|x64
		{592A6526-5F01-482C-99B3-B91EB3B93DF9}.Release|x86.ActiveCfg = Release|Win32
		{592A6526-5F01-482C-99B3-B91EB3B93DF9}.Release|x86.Build.0 = Release|Win32
		{BC776C8E-9EFA-4670-BD3A-958245A848DE}.Debug|ARM.ActiveCfg = Debug|ARM
		{BC776C8E-9EFA-4670-BD3A-958245A848DE}.Debug|ARM.Build.0 = Debug|ARM
		{BC776C8E-9EFA-4670-BD3A-958245A848DE}.Debug|x64.ActiveCfg = Debug|x64
		{BC776C8E-9EFA-4670-BD3A-958245A848DE}.Debug|x64.Build.0 = Debug|x64
		{BC776C8E-9EFA-4670-BD3A-958245A848DE}.Debug|x86.ActiveCfg = Debug|Win32
		{BC776C8E-9EFA-4670-BD3A-958245A848DE}.Debug|x86.Build.0 = Debug|Win32
		{BC776C8E-9EFA-4670-BD3A-958245A848DE}.Release|ARM.ActiveCfg = Release|ARM
		{BC776C8E-9EFA-4670-BD3A-958245A848DE}.Release|ARM.Build.0 = Release|ARM
		{BC776C8E-9EFA-4670-BD3A-958245A848DE}.Release|x64.ActiveCfg = Release|x64
		{BC776C8E-9EFA-4670-BD3A-958245A848DE}.Release|x64.Build.0 = Release|x64
		{BC776C8E-9EFA-4670-BD3A-958245A848DE}.Release|x86.ActiveCfg = Release|Win32
		{BC776C8E-9EFA-4670-BD3A-958245A848DE}.Release|x86.Build.0 = Release|Win32
		{6F18F37F-9918-4C92-BF02-2223DE5263B5}.Debug|ARM.ActiveCfg = Debug|ARM
		{6F18F37F-9918-4C92-BF02-2223DE5263B5}.Debug|ARM.Build.0 = Debug|ARM
		{6F18F37F-9918-4C92-BF02-2223DE5263B5}.Debug|x64.ActiveCfg = Debug|x64
		{6F18F37F-9918-4C92-BF02-2223DE5263B5}.Debug|x64.Build.0 = Debug|x64
		{6F18F37F-9918-4C92-BF02-2223DE5263B5}.Debug|x86.ActiveCfg = Debug|Win32
		{6F18F37F-9918-4C92-BF02-2223DE5263B5}.Debug|x86.Build.0 = Debug|Win32
		{6F18F37F-9918-4C92-BF02-2223DE5263B5}.Release|ARM.ActiveCfg = Release|ARM
		{6F18F37F-9918-4C92-BF02-2223DE5263B5}.Release|ARM.Build.0 = Release|ARM
		{6F18F37F-9918-4C92-BF02-2223DE5263B5}.Release|x64.ActiveCfg = Release|x64
		{6F18F37F-9918-4C92-BF02-2223DE5263B5}.Release|x64.Build.0 = Release|x64
		{6F18F37F-9918-4C92-BF02-2223DE5263B5}.Release|x86.ActiveCfg = Release|Win32
		{6F18F37F-9918-4C92-BF02-2223DE5263B5}.Release|x86.Build.0 = Release|Win32
		{DC01E365-2866-42FA-B3EF-6840F8879D91}.Debug|ARM.ActiveCfg = Debug|ARM
		{DC01E365-2866-42FA-B3EF-6840F8879D91}.Debug|ARM.Build.0 = Debug|ARM
		{DC01E365-2866-42FA-B3EF-6840F8879D91}.Debug|x64.ActiveCfg = Debug|x64
		{DC01E365-2866-42FA-B3EF-6840F8879D91}.Debug|x64.Build.0 = Debug|x64
		{DC01E365-2866-42FA-B3EF-6840F8879D91}.Debug|x86.ActiveCfg = Debug|Win32
		{DC01E365-2866-42FA-B3EF-6840F8879D91}.Debug|x86.Build.0 = Debug|Win32
		{DC01E365-2866-42FA-B3EF-6840F8879D91}.Release|ARM.ActiveCfg = Release|ARM
		{DC01E365-2866-42FA-B3EF-6840F8879D91}.Release|ARM.Build.0 = Release|ARM
		{DC01E365-2866-42FA-B3EF-6840F8879D91}.Release|x64.ActiveCfg = Release|x64
		{DC01E365-2866-42FA-B3EF-6840F8879D91}.Release|x64.Build.0 = Release|x64
		{DC01E365-2866-42FA-B3EF-6840F8879D91}.Release|x86.ActiveCfg = Release|Win32
		{DC01E365-2866-42FA-B3EF-6840F8879D91}.Release|x86.Build.0 = Release|Win32
		{2426FA60-4366-4A81-8FFD-4329FCDAA166}.Debug|ARM.ActiveCfg = Debug|ARM
		{2426FA60-4366-4A81-8FFD-4329FCDAA166}.Debug|ARM.Build.0 = Debug|ARM
		{2426FA60-4366-4A81-8FFD-4329FCDAA166}.Debug|x64.ActiveCfg = Debug|x64
		{2426FA60-4366-4A81-8FFD-4329FCDAA166}.Debug|x64.Build.0 = Debug|x64
		{2426FA60-4366-4A81-8FFD-4329FCDAA166}.Debug|x86.ActiveCfg = Debug|Win32
		{2426FA60-4366-4A81-8FFD-4329FCDAA166}.Debug|x86.Build.0 = Debug|Win32
		{2426FA60-4366-4A81-8FFD-4329FCDAA166}.Release|ARM.ActiveCfg = Release|ARM
		{2426FA60-4366-4A81-8FFD-4329FCDAA166}.Release|ARM.Build.0 = Release|ARM
		{2426FA60-4366-4A81-8FFD-4329FCDAA166}.Release|x64.ActiveCfg = Release|x64
		{2426FA60-4366-4A81-8FFD-4329FCDAA166}.Release|x64.Build.0 = Release|x64
		{2426FA60-4366-4A81-8FFD-4329FCDAA166}.Release|x86.ActiveCfg = Release|Win32
		{2426FA60-4366-4A81-8FFD-4329FCDAA166}.Release|x86.Build.0 = Release|Win32
		{95FB4DAB-E4D4-49B5-AEB2-E7F1F84BFF76}.Debug|ARM.ActiveCfg = Debug|ARM
		{95FB4DAB-E4D4-49B5-AEB2-E7F1F84BFF76}.Debug|ARM.Build.0 = Debug|ARM
		{95FB4DAB-E4D4-49B5-AEB2-E7F1F84BFF76}.Debug|x64.ActiveCfg = Debug|x64
		{95FB4DAB-E4D4-49B5-AEB2-E7F1F84BFF76}.Debug|x64.Build.0 = Debug|x64
		{95FB4DAB-E4D4-49B5-AEB2-E7F1F84BFF76}.Debug|x86.ActiveCfg = Debug|Win32
		{95FB4DAB-E4D4-49B5-AEB2-E7F1F84BFF76}.Debug|x86.Build.0 = Debug|Win32
		{95FB4DAB-E4D4-49B5-AEB2-E7F1F84BFF76}.Release|ARM.ActiveCfg = Release|ARM
		{95FB4DAB-E4D4-49B5-AEB2-E7F1F84BFF76}.Release|ARM.Build.0 = Release|ARM
		{95FB4DAB-E4D4-49B5-AEB2-E7F1F84BFF76}.Release|x64.ActiveCfg = Release|x64
		{95FB4DAB-E4D4-49B5-AEB2-E7F1F84BFF76}.Release|x64.Build.0 = Release|x64
		{95FB4DAB-E4D4-49B5-AEB2-E7F1F84BFF76}.Release|x86.ActiveCfg = Release|Win32
		{95FB4DAB-E4D4-49B5-AEB2-E7F1F84BFF76}.Release|x86.Build.0 = Release|Win32
		{F5EE6CCE-EE56-46B7-BBC4-46DFFA526ED3}.Debug|ARM.ActiveCfg = Debug|ARM
		{F5EE6CCE-EE56-46B7-BBC4-46DFFA526ED3}.Debug|ARM.Build.0 = Debug|ARM
		{F5EE6CCE-EE56-46B7-BBC4-46DFFA526ED3}.Debug|ARM.Deploy.0 = Debug|ARM
		{F5EE6CCE-EE56-46B7-BBC4-46DFFA526ED3}.Debug|x64.ActiveCfg = Debug|x64
		{F5EE6CCE-EE56-46B7-BBC4-46DFFA526ED3}.Debug|x64.Build.0 = Debug|x64
		{F5EE6CCE-EE56-46B7-BBC4-46DFFA526ED3}.Debug|x64.Deploy.0 = Debug|x64
		{F5EE6CCE-EE56-46B7-BBC4-46DFFA526ED3}.Debug|x86.ActiveCfg = Debug|Win32
		{F5EE6CCE-EE56-46B7-BBC4-46DFFA526ED3}.Debug|x86.Build.0 = Debug|Win32
		{F5EE6CCE-EE56-46B7-BBC4-46DFFA526ED3}.Debug|x86.Deploy.0 = Debug|Win32
		{F5EE6CCE-EE56-46B7-BBC4-46DFFA526ED3}.Release|ARM.ActiveCfg = Release|ARM
		{F5EE6CCE-EE56-46B7-BBC4-46DFFA526ED3}.Release|ARM.Build.0 = Release|ARM
		{F5EE6CCE-EE56-46B7-BBC4-46DFFA526ED3}.Release|ARM.Deploy.0 = Release|ARM
		{F5EE6CCE-EE56-46B7-BBC4-46DFFA526ED3}.Release|x64.ActiveCfg = Release|x64
		{F5EE6CCE-EE56-46B7-BBC4-46DFFA526ED3}.Release|x64.Build.0 = Release|x64
		{F5EE6CCE-EE56-46B7-BBC4-46DFFA526ED3}.Release|x64.Deploy.0 = Release|x64
		{F5EE6CCE-EE56-46B7-BBC4-46DFFA526ED3}.Release|x86.ActiveCfg = Release|Win32
		{F5EE6CCE-EE56-46B7-BBC4-46DFFA526ED3}.Release|x86.Build.0 = Release|Win32
		{F5EE6CCE-EE56-46B7-BBC4-46DFFA526ED3}.Release|x86.Deploy.0 = Release|Win32
	EndGlobalSection
	GlobalSection(SolutionProperties) = preSolution
		HideSolutionNode = FALSE
	EndGlobalSection
EndGlobal
