<?xml version="1.0" encoding="utf-8"?>
<Project ToolsVersion="4.0" xmlns="http://schemas.microsoft.com/developer/msbuild/2003">
  <ItemGroup>
    <Filter Include="源文件">
      <UniqueIdentifier>{91654656-a58e-493c-a95c-725805ea9428}</UniqueIdentifier>
    </Filter>
  </ItemGroup>
  <ItemGroup>
    <ClCompile Include="..\src\Component.cpp">
      <Filter>源文件</Filter>
    </ClCompile>
    <ClCompile Include="..\src\GameObject.cpp">
      <Filter>源文件</Filter>
    </ClCompile>
    <ClCompile Include="..\src\Object.cpp">
      <Filter>源文件</Filter>
    </ClCompile>
    <ClCompile Include="..\src\World.cpp">
      <Filter>源文件</Filter>
    </ClCompile>
    <ClCompile Include="..\src\Transform.cpp">
      <Filter>源文件</Filter>
    </ClCompile>
    <ClCompile Include="..\src\d3d11\GraphicsDevice.cpp">
      <Filter>源文件</Filter>
    </ClCompile>
    <ClCompile Include="..\src\Screen.cpp">
      <Filter>源文件</Filter>
    </ClCompile>
    <ClCompile Include="..\src\d3d11\Camera.cpp">
      <Filter>源文件</Filter>
    </ClCompile>
    <ClCompile Include="..\src\Color.cpp">
      <Filter>源文件</Filter>
    </ClCompile>
    <ClCompile Include="..\src\Mathf.cpp">
      <Filter>源文件</Filter>
    </ClCompile>
    <ClCompile Include="..\src\Vector3.cpp">
      <Filter>源文件</Filter>
    </ClCompile>
    <ClCompile Include="..\src\Vector2.cpp">
      <Filter>源文件</Filter>
    </ClCompile>
    <ClCompile Include="..\src\Ray.cpp">
      <Filter>源文件</Filter>
    </ClCompile>
    <ClCompile Include="..\src\Bounds.cpp">
      <Filter>源文件</Filter>
    </ClCompile>
    <ClCompile Include="..\src\GTTime.cpp">
      <Filter>源文件</Filter>
    </ClCompile>
    <ClCompile Include="..\src\Debug.cpp">
      <Filter>源文件</Filter>
    </ClCompile>
    <ClCompile Include="..\src\Sprite.cpp">
      <Filter>源文件</Filter>
    </ClCompile>
    <ClCompile Include="..\src\d3d11\Texture2D.cpp">
      <Filter>源文件</Filter>
    </ClCompile>
    <ClCompile Include="..\src\Image.cpp">
      <Filter>源文件</Filter>
    </ClCompile>
    <ClCompile Include="..\src\GTFile.cpp">
      <Filter>源文件</Filter>
    </ClCompile>
    <ClCompile Include="..\src\GTString.cpp">
      <Filter>源文件</Filter>
    </ClCompile>
    <ClCompile Include="..\src\GTStringUTF32.cpp">
      <Filter>源文件</Filter>
    </ClCompile>
    <ClCompile Include="..\src\Application.cpp">
      <Filter>源文件</Filter>
    </ClCompile>
    <ClCompile Include="..\src\Rect.cpp">
      <Filter>源文件</Filter>
    </ClCompile>
    <ClCompile Include="..\src\Matrix4x4.cpp">
      <Filter>源文件</Filter>
    </ClCompile>
    <ClCompile Include="..\src\Quaternion.cpp">
      <Filter>源文件</Filter>
    </ClCompile>
    <ClCompile Include="..\src\Renderer.cpp">
      <Filter>源文件</Filter>
    </ClCompile>
    <ClCompile Include="..\src\d3d11\Shader.cpp">
      <Filter>源文件</Filter>
    </ClCompile>
    <ClCompile Include="..\src\d3d11\RenderStates.cpp">
      <Filter>源文件</Filter>
    </ClCompile>
    <ClCompile Include="..\src\d3d11\Material.cpp">
      <Filter>源文件</Filter>
    </ClCompile>
    <ClCompile Include="..\src\d3d11\SpriteRenderer.cpp">
      <Filter>源文件</Filter>
    </ClCompile>
    <ClCompile Include="..\src\d3d11\SpriteBatchRenderer.cpp">
      <Filter>源文件</Filter>
    </ClCompile>
    <ClCompile Include="..\src\d3d11\TextRenderer.cpp">
      <Filter>源文件</Filter>
    </ClCompile>
    <ClCompile Include="..\src\Label.cpp">
      <Filter>源文件</Filter>
    </ClCompile>
    <ClCompile Include="..\src\Input.cpp">
      <Filter>源文件</Filter>
    </ClCompile>
    <ClCompile Include="..\src\d3d11\Mesh.cpp">
      <Filter>源文件</Filter>
    </ClCompile>
    <ClCompile Include="..\src\d3d11\SkinnedMeshRenderer.cpp">
      <Filter>源文件</Filter>
    </ClCompile>
    <ClCompile Include="..\src\Animation.cpp">
      <Filter>源文件</Filter>
    </ClCompile>
    <ClCompile Include="..\src\AnimationCurve.cpp">
      <Filter>源文件</Filter>
    </ClCompile>
    <ClCompile Include="..\src\d3d11\Terrain.cpp">
      <Filter>源文件</Filter>
    </ClCompile>
    <ClCompile Include="..\src\d3d11\TerrainRenderer.cpp">
      <Filter>源文件</Filter>
    </ClCompile>
    <ClCompile Include="..\src\LightmapSettings.cpp">
      <Filter>源文件</Filter>
    </ClCompile>
    <ClCompile Include="..\src\RenderSettings.cpp">
      <Filter>源文件</Filter>
    </ClCompile>
    <ClCompile Include="..\src\d3d11\MeshRenderer.cpp">
      <Filter>源文件</Filter>
    </ClCompile>
    <ClCompile Include="..\src\Physics.cpp">
      <Filter>源文件</Filter>
    </ClCompile>
    <ClCompile Include="..\src\FrustumBounds.cpp">
      <Filter>源文件</Filter>
    </ClCompile>
  </ItemGroup>
  <ItemGroup>
    <ClInclude Include="..\src\Component.h">
      <Filter>源文件</Filter>
    </ClInclude>
    <ClInclude Include="..\src\GameObject.h">
      <Filter>源文件</Filter>
    </ClInclude>
    <ClInclude Include="..\src\Layer.h">
      <Filter>源文件</Filter>
    </ClInclude>
    <ClInclude Include="..\src\Object.h">
      <Filter>源文件</Filter>
    </ClInclude>
    <ClInclude Include="..\src\World.h">
      <Filter>源文件</Filter>
    </ClInclude>
    <ClInclude Include="..\src\Transform.h">
      <Filter>源文件</Filter>
    </ClInclude>
    <ClInclude Include="..\src\d3d11\GraphicsDevice.h">
      <Filter>源文件</Filter>
    </ClInclude>
    <ClInclude Include="..\src\Screen.h">
      <Filter>源文件</Filter>
    </ClInclude>
    <ClInclude Include="..\src\d3d11\Camera.h">
      <Filter>源文件</Filter>
    </ClInclude>
    <ClInclude Include="..\src\CameraClearFlags.h">
      <Filter>源文件</Filter>
    </ClInclude>
    <ClInclude Include="..\src\Color.h">
      <Filter>源文件</Filter>
    </ClInclude>
    <ClInclude Include="..\src\Mathf.h">
      <Filter>源文件</Filter>
    </ClInclude>
    <ClInclude Include="..\src\Ray.h">
      <Filter>源文件</Filter>
    </ClInclude>
    <ClInclude Include="..\src\Vector3.h">
      <Filter>源文件</Filter>
    </ClInclude>
    <ClInclude Include="..\src\Vector2.h">
      <Filter>源文件</Filter>
    </ClInclude>
    <ClInclude Include="..\src\Bounds.h">
      <Filter>源文件</Filter>
    </ClInclude>
    <ClInclude Include="..\src\GTTime.h">
      <Filter>源文件</Filter>
    </ClInclude>
    <ClInclude Include="..\src\Debug.h">
      <Filter>源文件</Filter>
    </ClInclude>
    <ClInclude Include="..\src\Sprite.h">
      <Filter>源文件</Filter>
    </ClInclude>
    <ClInclude Include="..\src\Texture.h">
      <Filter>源文件</Filter>
    </ClInclude>
    <ClInclude Include="..\src\FilterMode.h">
      <Filter>源文件</Filter>
    </ClInclude>
    <ClInclude Include="..\src\TextureWrapMode.h">
      <Filter>源文件</Filter>
    </ClInclude>
    <ClInclude Include="..\src\TextureFormat.h">
      <Filter>源文件</Filter>
    </ClInclude>
    <ClInclude Include="..\src\d3d11\Texture2D.h">
      <Filter>源文件</Filter>
    </ClInclude>
    <ClInclude Include="..\src\Image.h">
      <Filter>源文件</Filter>
    </ClInclude>
    <ClInclude Include="..\src\GTFile.h">
      <Filter>源文件</Filter>
    </ClInclude>
    <ClInclude Include="..\src\GTString.h">
      <Filter>源文件</Filter>
    </ClInclude>
    <ClInclude Include="..\src\GTStringUTF32.h">
      <Filter>源文件</Filter>
    </ClInclude>
    <ClInclude Include="..\src\Application.h">
      <Filter>源文件</Filter>
    </ClInclude>
    <ClInclude Include="..\src\Rect.h">
      <Filter>源文件</Filter>
    </ClInclude>
    <ClInclude Include="..\src\Vector4.h">
      <Filter>源文件</Filter>
    </ClInclude>
    <ClInclude Include="..\src\Matrix4x4.h">
      <Filter>源文件</Filter>
    </ClInclude>
    <ClInclude Include="..\src\Quaternion.h">
      <Filter>源文件</Filter>
    </ClInclude>
    <ClInclude Include="..\src\Renderer.h">
      <Filter>源文件</Filter>
    </ClInclude>
    <ClInclude Include="..\src\d3d11\Shader.h">
      <Filter>源文件</Filter>
    </ClInclude>
    <ClInclude Include="..\src\ShaderNode.h">
      <Filter>源文件</Filter>
    </ClInclude>
    <ClInclude Include="..\src\d3d11\VertexShader.h">
      <Filter>源文件</Filter>
    </ClInclude>
    <ClInclude Include="..\src\d3d11\ShaderConstantBuffer.h">
      <Filter>源文件</Filter>
    </ClInclude>
    <ClInclude Include="..\src\d3d11\PixelShader.h">
      <Filter>源文件</Filter>
    </ClInclude>
    <ClInclude Include="..\src\d3d11\ShaderTexture.h">
      <Filter>源文件</Filter>
    </ClInclude>
    <ClInclude Include="..\src\d3d11\ShaderSampler.h">
      <Filter>源文件</Filter>
    </ClInclude>
    <ClInclude Include="..\src\VertexType.h">
      <Filter>源文件</Filter>
    </ClInclude>
    <ClInclude Include="..\src\d3d11\RenderStates.h">
      <Filter>源文件</Filter>
    </ClInclude>
    <ClInclude Include="..\src\d3d11\ShaderPass.h">
      <Filter>源文件</Filter>
    </ClInclude>
    <ClInclude Include="..\src\d3d11\Material.h">
      <Filter>源文件</Filter>
    </ClInclude>
    <ClInclude Include="..\src\LayerMask.h">
      <Filter>源文件</Filter>
    </ClInclude>
    <ClInclude Include="..\src\d3d11\SpriteRenderer.h">
      <Filter>源文件</Filter>
    </ClInclude>
    <ClInclude Include="..\src\SpriteNode.h">
      <Filter>源文件</Filter>
    </ClInclude>
    <ClInclude Include="..\src\d3d11\SpriteBatchRenderer.h">
      <Filter>源文件</Filter>
    </ClInclude>
    <ClInclude Include="..\src\d3d11\TextRenderer.h">
      <Filter>源文件</Filter>
    </ClInclude>
    <ClInclude Include="..\src\Label.h">
      <Filter>源文件</Filter>
    </ClInclude>
    <ClInclude Include="..\src\Input.h">
      <Filter>源文件</Filter>
    </ClInclude>
    <ClInclude Include="..\src\d3d11\Mesh.h">
      <Filter>源文件</Filter>
    </ClInclude>
    <ClInclude Include="..\src\ShaderPropertyType.h">
      <Filter>源文件</Filter>
    </ClInclude>
    <ClInclude Include="..\src\d3d11\SkinnedMeshRenderer.h">
      <Filter>源文件</Filter>
    </ClInclude>
    <ClInclude Include="..\src\Animation.h">
      <Filter>源文件</Filter>
    </ClInclude>
    <ClInclude Include="..\src\AnimationClip.h">
      <Filter>源文件</Filter>
    </ClInclude>
    <ClInclude Include="..\src\AnimationState.h">
      <Filter>源文件</Filter>
    </ClInclude>
    <ClInclude Include="..\src\AnimationCurve.h">
      <Filter>源文件</Filter>
    </ClInclude>
    <ClInclude Include="..\src\WrapMode.h">
      <Filter>源文件</Filter>
    </ClInclude>
    <ClInclude Include="..\src\d3d11\Terrain.h">
      <Filter>源文件</Filter>
    </ClInclude>
    <ClInclude Include="..\src\d3d11\TerrainRenderer.h">
      <Filter>源文件</Filter>
    </ClInclude>
    <ClInclude Include="..\src\LightmapSettings.h">
      <Filter>源文件</Filter>
    </ClInclude>
    <ClInclude Include="..\src\RenderSettings.h">
      <Filter>源文件</Filter>
    </ClInclude>
    <ClInclude Include="..\src\d3d11\MeshRenderer.h">
      <Filter>源文件</Filter>
    </ClInclude>
    <ClInclude Include="..\src\Physics.h">
      <Filter>源文件</Filter>
    </ClInclude>
    <ClInclude Include="..\src\FrustumBounds.h">
      <Filter>源文件</Filter>
    </ClInclude>
  </ItemGroup>
</Project>